// !$*UTF8*$!
{
	archiveVersion = 1;
	classes = {
	};
	objectVersion = 50;
	objects = {

/* Begin PBXBuildFile section */
		84F36A2D20B67542005A8F58 /* AppDelegate.swift in Sources */ = {isa = PBXBuildFile; fileRef = 84F36A2C20B67542005A8F58 /* AppDelegate.swift */; };
		84F36A2F20B67542005A8F58 /* ViewController.swift in Sources */ = {isa = PBXBuildFile; fileRef = 84F36A2E20B67542005A8F58 /* ViewController.swift */; };
		84F36A3220B67542005A8F58 /* Main.storyboard in Resources */ = {isa = PBXBuildFile; fileRef = 84F36A3020B67542005A8F58 /* Main.storyboard */; };
		84F36A3520B67542005A8F58 /* MyApp.xcdatamodeld in Sources */ = {isa = PBXBuildFile; fileRef = 84F36A3320B67542005A8F58 /* MyApp.xcdatamodeld */; };
		84F36A3720B67545005A8F58 /* Assets.xcassets in Resources */ = {isa = PBXBuildFile; fileRef = 84F36A3620B67545005A8F58 /* Assets.xcassets */; };
		84F36A3A20B67545005A8F58 /* LaunchScreen.storyboard in Resources */ = {isa = PBXBuildFile; fileRef = 84F36A3820B67545005A8F58 /* LaunchScreen.storyboard */; };
		84F36A4520B67545005A8F58 /* MyAppTests.swift in Sources */ = {isa = PBXBuildFile; fileRef = 84F36A4420B67545005A8F58 /* MyAppTests.swift */; };
		84F36A5020B67545005A8F58 /* MyAppUITests.swift in Sources */ = {isa = PBXBuildFile; fileRef = 84F36A4F20B67545005A8F58 /* MyAppUITests.swift */; };
/* End PBXBuildFile section */

/* Begin PBXContainerItemProxy section */
		84F36A4120B67545005A8F58 /* PBXContainerItemProxy */ = {
			isa = PBXContainerItemProxy;
			containerPortal = 84F36A2120B67542005A8F58 /* Project object */;
			proxyType = 1;
			remoteGlobalIDString = 84F36A2820B67542005A8F58;
			remoteInfo = MyApp;
		};
		84F36A4C20B67545005A8F58 /* PBXContainerItemProxy */ = {
			isa = PBXContainerItemProxy;
			containerPortal = 84F36A2120B67542005A8F58 /* Project object */;
			proxyType = 1;
			remoteGlobalIDString = 84F36A2820B67542005A8F58;
			remoteInfo = MyApp;
		};
/* End PBXContainerItemProxy section */

/* Begin PBXFileReference section */
		84F36A2920B67542005A8F58 /* MyApp.app */ = {isa = PBXFileReference; explicitFileType = wrapper.application; includeInIndex = 0; path = MyApp.app; sourceTree = BUILT_PRODUCTS_DIR; };
		84F36A2C20B67542005A8F58 /* AppDelegate.swift */ = {isa = PBXFileReference; lastKnownFileType = sourcecode.swift; path = AppDelegate.swift; sourceTree = "<group>"; };
		84F36A2E20B67542005A8F58 /* ViewController.swift */ = {isa = PBXFileReference; lastKnownFileType = sourcecode.swift; path = ViewController.swift; sourceTree = "<group>"; };
		84F36A3120B67542005A8F58 /* Base */ = {isa = PBXFileReference; lastKnownFileType = file.storyboard; name = Base; path = Base.lproj/Main.storyboard; sourceTree = "<group>"; };
		84F36A3420B67542005A8F58 /* MyApp.xcdatamodel */ = {isa = PBXFileReference; lastKnownFileType = wrapper.xcdatamodel; path = MyApp.xcdatamodel; sourceTree = "<group>"; };
		84F36A3620B67545005A8F58 /* Assets.xcassets */ = {isa = PBXFileReference; lastKnownFileType = folder.assetcatalog; path = Assets.xcassets; sourceTree = "<group>"; };
		84F36A3920B67545005A8F58 /* Base */ = {isa = PBXFileReference; lastKnownFileType = file.storyboard; name = Base; path = Base.lproj/LaunchScreen.storyboard; sourceTree = "<group>"; };
		84F36A3B20B67545005A8F58 /* Info.plist */ = {isa = PBXFileReference; lastKnownFileType = text.plist.xml; path = Info.plist; sourceTree = "<group>"; };
		84F36A4020B67545005A8F58 /* MyAppTests.xctest */ = {isa = PBXFileReference; explicitFileType = wrapper.cfbundle; includeInIndex = 0; path = MyAppTests.xctest; sourceTree = BUILT_PRODUCTS_DIR; };
		84F36A4420B67545005A8F58 /* MyAppTests.swift */ = {isa = PBXFileReference; lastKnownFileType = sourcecode.swift; path = MyAppTests.swift; sourceTree = "<group>"; };
		84F36A4620B67545005A8F58 /* Info.plist */ = {isa = PBXFileReference; lastKnownFileType = text.plist.xml; path = Info.plist; sourceTree = "<group>"; };
		84F36A4B20B67545005A8F58 /* MyAppUITests.xctest */ = {isa = PBXFileReference; explicitFileType = wrapper.cfbundle; includeInIndex = 0; path = MyAppUITests.xctest; sourceTree = BUILT_PRODUCTS_DIR; };
		84F36A4F20B67545005A8F58 /* MyAppUITests.swift */ = {isa = PBXFileReference; lastKnownFileType = sourcecode.swift; path = MyAppUITests.swift; sourceTree = "<group>"; };
		84F36A5120B67545005A8F58 /* Info.plist */ = {isa = PBXFileReference; lastKnownFileType = text.plist.xml; path = Info.plist; sourceTree = "<group>"; };
/* End PBXFileReference section */

/* Begin PBXFrameworksBuildPhase section */
		84F36A2620B67542005A8F58 /* Frameworks */ = {
			isa = PBXFrameworksBuildPhase;
			buildActionMask = 2147483647;
			files = (
			);
			runOnlyForDeploymentPostprocessing = 0;
		};
		84F36A3D20B67545005A8F58 /* Frameworks */ = {
			isa = PBXFrameworksBuildPhase;
			buildActionMask = 2147483647;
			files = (
			);
			runOnlyForDeploymentPostprocessing = 0;
		};
		84F36A4820B67545005A8F58 /* Frameworks */ = {
			isa = PBXFrameworksBuildPhase;
			buildActionMask = 2147483647;
			files = (
			);
			runOnlyForDeploymentPostprocessing = 0;
		};
/* End PBXFrameworksBuildPhase section */

/* Begin PBXGroup section */
		84F36A2020B67542005A8F58 = {
			isa = PBXGroup;
			children = (
				84F36A2B20B67542005A8F58 /* MyApp */,
				84F36A4320B67545005A8F58 /* MyAppTests */,
				84F36A4E20B67545005A8F58 /* MyAppUITests */,
				84F36A2A20B67542005A8F58 /* Products */,
			);
			sourceTree = "<group>";
		};
		84F36A2A20B67542005A8F58 /* Products */ = {
			isa = PBXGroup;
			children = (
				84F36A2920B67542005A8F58 /* MyApp.app */,
				84F36A4020B67545005A8F58 /* MyAppTests.xctest */,
				84F36A4B20B67545005A8F58 /* MyAppUITests.xctest */,
			);
			name = Products;
			sourceTree = "<group>";
		};
		84F36A2B20B67542005A8F58 /* MyApp */ = {
			isa = PBXGroup;
			children = (
				84F36A2C20B67542005A8F58 /* AppDelegate.swift */,
				84F36A2E20B67542005A8F58 /* ViewController.swift */,
				84F36A3020B67542005A8F58 /* Main.storyboard */,
				84F36A3620B67545005A8F58 /* Assets.xcassets */,
				84F36A3820B67545005A8F58 /* LaunchScreen.storyboard */,
				84F36A3B20B67545005A8F58 /* Info.plist */,
				84F36A3320B67542005A8F58 /* MyApp.xcdatamodeld */,
			);
			path = MyApp;
			sourceTree = "<group>";
		};
		84F36A4320B67545005A8F58 /* MyAppTests */ = {
			isa = PBXGroup;
			children = (
				84F36A4420B67545005A8F58 /* MyAppTests.swift */,
				84F36A4620B67545005A8F58 /* Info.plist */,
			);
			path = MyAppTests;
			sourceTree = "<group>";
		};
		84F36A4E20B67545005A8F58 /* MyAppUITests */ = {
			isa = PBXGroup;
			children = (
				84F36A4F20B67545005A8F58 /* MyAppUITests.swift */,
				84F36A5120B67545005A8F58 /* Info.plist */,
			);
			path = MyAppUITests;
			sourceTree = "<group>";
		};
/* End PBXGroup section */

/* Begin PBXNativeTarget section */
		84F36A2820B67542005A8F58 /* MyApp */ = {
			isa = PBXNativeTarget;
			buildConfigurationList = 84F36A5420B67545005A8F58 /* Build configuration list for PBXNativeTarget "MyApp" */;
			buildPhases = (
				84F36A2520B67542005A8F58 /* Sources */,
				84F36A2620B67542005A8F58 /* Frameworks */,
				84F36A2720B67542005A8F58 /* Resources */,
			);
			buildRules = (
			);
			dependencies = (
			);
			name = MyApp;
			productName = MyApp;
			productReference = 84F36A2920B67542005A8F58 /* MyApp.app */;
			productType = "com.apple.product-type.application";
		};
		84F36A3F20B67545005A8F58 /* MyAppTests */ = {
			isa = PBXNativeTarget;
			buildConfigurationList = 84F36A5720B67545005A8F58 /* Build configuration list for PBXNativeTarget "MyAppTests" */;
			buildPhases = (
				84F36A3C20B67545005A8F58 /* Sources */,
				84F36A3D20B67545005A8F58 /* Frameworks */,
				84F36A3E20B67545005A8F58 /* Resources */,
			);
			buildRules = (
			);
			dependencies = (
				84F36A4220B67545005A8F58 /* PBXTargetDependency */,
			);
			name = MyAppTests;
			productName = MyAppTests;
			productReference = 84F36A4020B67545005A8F58 /* MyAppTests.xctest */;
			productType = "com.apple.product-type.bundle.unit-test";
		};
		84F36A4A20B67545005A8F58 /* MyAppUITests */ = {
			isa = PBXNativeTarget;
			buildConfigurationList = 84F36A5A20B67545005A8F58 /* Build configuration list for PBXNativeTarget "MyAppUITests" */;
			buildPhases = (
				84F36A4720B67545005A8F58 /* Sources */,
				84F36A4820B67545005A8F58 /* Frameworks */,
				84F36A4920B67545005A8F58 /* Resources */,
			);
			buildRules = (
			);
			dependencies = (
				84F36A4D20B67545005A8F58 /* PBXTargetDependency */,
			);
			name = MyAppUITests;
			productName = MyAppUITests;
			productReference = 84F36A4B20B67545005A8F58 /* MyAppUITests.xctest */;
			productType = "com.apple.product-type.bundle.ui-testing";
		};
/* End PBXNativeTarget section */

/* Begin PBXProject section */
		84F36A2120B67542005A8F58 /* Project object */ = {
			isa = PBXProject;
			attributes = {
				LastSwiftUpdateCheck = 0930;
				LastUpgradeCheck = 0930;
				ORGANIZATIONNAME = Admin;
				TargetAttributes = {
					84F36A2820B67542005A8F58 = {
						CreatedOnToolsVersion = 9.3;
					};
					84F36A3F20B67545005A8F58 = {
						CreatedOnToolsVersion = 9.3;
						TestTargetID = 84F36A2820B67542005A8F58;
					};
					84F36A4A20B67545005A8F58 = {
						CreatedOnToolsVersion = 9.3;
						TestTargetID = 84F36A2820B67542005A8F58;
					};
				};
			};
			buildConfigurationList = 84F36A2420B67542005A8F58 /* Build configuration list for PBXProject "MyApp" */;
			compatibilityVersion = "Xcode 9.3";
			developmentRegion = en;
			hasScannedForEncodings = 0;
			knownRegions = (
				en,
				Base,
			);
			mainGroup = 84F36A2020B67542005A8F58;
			productRefGroup = 84F36A2A20B67542005A8F58 /* Products */;
			projectDirPath = "";
			projectRoot = "";
			targets = (
				84F36A2820B67542005A8F58 /* MyApp */,
				84F36A3F20B67545005A8F58 /* MyAppTests */,
				84F36A4A20B67545005A8F58 /* MyAppUITests */,
			);
		};
/* End PBXProject section */

/* Begin PBXResourcesBuildPhase section */
		84F36A2720B67542005A8F58 /* Resources */ = {
			isa = PBXResourcesBuildPhase;
			buildActionMask = 2147483647;
			files = (
				84F36A3A20B67545005A8F58 /* LaunchScreen.storyboard in Resources */,
				84F36A3720B67545005A8F58 /* Assets.xcassets in Resources */,
				84F36A3220B67542005A8F58 /* Main.storyboard in Resources */,
			);
			runOnlyForDeploymentPostprocessing = 0;
		};
		84F36A3E20B67545005A8F58 /* Resources */ = {
			isa = PBXResourcesBuildPhase;
			buildActionMask = 2147483647;
			files = (
			);
			runOnlyForDeploymentPostprocessing = 0;
		};
		84F36A4920B67545005A8F58 /* Resources */ = {
			isa = PBXResourcesBuildPhase;
			buildActionMask = 2147483647;
			files = (
			);
			runOnlyForDeploymentPostprocessing = 0;
		};
/* End PBXResourcesBuildPhase section */

/* Begin PBXSourcesBuildPhase section */
		84F36A2520B67542005A8F58 /* Sources */ = {
			isa = PBXSourcesBuildPhase;
			buildActionMask = 2147483647;
			files = (
				84F36A3520B67542005A8F58 /* MyApp.xcdatamodeld in Sources */,
				84F36A2F20B67542005A8F58 /* ViewController.swift in Sources */,
				84F36A2D20B67542005A8F58 /* AppDelegate.swift in Sources */,
			);
			runOnlyForDeploymentPostprocessing = 0;
		};
		84F36A3C20B67545005A8F58 /* Sources */ = {
			isa = PBXSourcesBuildPhase;
			buildActionMask = 2147483647;
			files = (
				84F36A4520B67545005A8F58 /* MyAppTests.swift in Sources */,
			);
			runOnlyForDeploymentPostprocessing = 0;
		};
		84F36A4720B67545005A8F58 /* Sources */ = {
			isa = PBXSourcesBuildPhase;
			buildActionMask = 2147483647;
			files = (
				84F36A5020B67545005A8F58 /* MyAppUITests.swift in Sources */,
			);
			runOnlyForDeploymentPostprocessing = 0;
		};
/* End PBXSourcesBuildPhase section */

/* Begin PBXTargetDependency section */
		84F36A4220B67545005A8F58 /* PBXTargetDependency */ = {
			isa = PBXTargetDependency;
			target = 84F36A2820B67542005A8F58 /* MyApp */;
			targetProxy = 84F36A4120B67545005A8F58 /* PBXContainerItemProxy */;
		};
		84F36A4D20B67545005A8F58 /* PBXTargetDependency */ = {
			isa = PBXTargetDependency;
			target = 84F36A2820B67542005A8F58 /* MyApp */;
			targetProxy = 84F36A4C20B67545005A8F58 /* PBXContainerItemProxy */;
		};
/* End PBXTargetDependency section */

/* Begin PBXVariantGroup section */
		84F36A3020B67542005A8F58 /* Main.storyboard */ = {
			isa = PBXVariantGroup;
			children = (
				84F36A3120B67542005A8F58 /* Base */,
			);
			name = Main.storyboard;
			sourceTree = "<group>";
		};
		84F36A3820B67545005A8F58 /* LaunchScreen.storyboard */ = {
			isa = PBXVariantGroup;
			children = (
				84F36A3920B67545005A8F58 /* Base */,
			);
			name = LaunchScreen.storyboard;
			sourceTree = "<group>";
		};
/* End PBXVariantGroup section */

/* Begin XCBuildConfiguration section */
		84F36A5220B67545005A8F58 /* Debug */ = {
			isa = XCBuildConfiguration;
			buildSettings = {
				ALWAYS_SEARCH_USER_PATHS = NO;
				CLANG_ANALYZER_NONNULL = YES;
				CLANG_ANALYZER_NUMBER_OBJECT_CONVERSION = YES_AGGRESSIVE;
				CLANG_CXX_LANGUAGE_STANDARD = "gnu++14";
				CLANG_CXX_LIBRARY = "libc++";
				CLANG_ENABLE_MODULES = YES;
				CLANG_ENABLE_OBJC_ARC = YES;
				CLANG_ENABLE_OBJC_WEAK = YES;
				CLANG_WARN_BLOCK_CAPTURE_AUTORELEASING = YES;
				CLANG_WARN_BOOL_CONVERSION = YES;
				CLANG_WARN_COMMA = YES;
				CLANG_WARN_CONSTANT_CONVERSION = YES;
				CLANG_WARN_DEPRECATED_OBJC_IMPLEMENTATIONS = YES;
				CLANG_WARN_DIRECT_OBJC_ISA_USAGE = YES_ERROR;
				CLANG_WARN_DOCUMENTATION_COMMENTS = YES;
				CLANG_WARN_EMPTY_BODY = YES;
				CLANG_WARN_ENUM_CONVERSION = YES;
				CLANG_WARN_INFINITE_RECURSION = YES;
				CLANG_WARN_INT_CONVERSION = YES;
				CLANG_WARN_NON_LITERAL_NULL_CONVERSION = YES;
				CLANG_WARN_OBJC_IMPLICIT_RETAIN_SELF = YES;
				CLANG_WARN_OBJC_LITERAL_CONVERSION = YES;
				CLANG_WARN_OBJC_ROOT_CLASS = YES_ERROR;
				CLANG_WARN_RANGE_LOOP_ANALYSIS = YES;
				CLANG_WARN_STRICT_PROTOTYPES = YES;
				CLANG_WARN_SUSPICIOUS_MOVE = YES;
				CLANG_WARN_UNGUARDED_AVAILABILITY = YES_AGGRESSIVE;
				CLANG_WARN_UNREACHABLE_CODE = YES;
				CLANG_WARN__DUPLICATE_METHOD_MATCH = YES;
				CODE_SIGN_IDENTITY = "iPhone Developer";
				COPY_PHASE_STRIP = NO;
				DEBUG_INFORMATION_FORMAT = dwarf;
				ENABLE_STRICT_OBJC_MSGSEND = YES;
				ENABLE_TESTABILITY = YES;
				GCC_C_LANGUAGE_STANDARD = gnu11;
				GCC_DYNAMIC_NO_PIC = NO;
				GCC_NO_COMMON_BLOCKS = YES;
				GCC_OPTIMIZATION_LEVEL = 0;
				GCC_PREPROCESSOR_DEFINITIONS = (
					"DEBUG=1",
					"$(inherited)",
				);
				GCC_WARN_64_TO_32_BIT_CONVERSION = YES;
				GCC_WARN_ABOUT_RETURN_TYPE = YES_ERROR;
				GCC_WARN_UNDECLARED_SELECTOR = YES;
				GCC_WARN_UNINITIALIZED_AUTOS = YES_AGGRESSIVE;
				GCC_WARN_UNUSED_FUNCTION = YES;
				GCC_WARN_UNUSED_VARIABLE = YES;
				IPHONEOS_DEPLOYMENT_TARGET = 11.3;
				MTL_ENABLE_DEBUG_INFO = YES;
				ONLY_ACTIVE_ARCH = YES;
				SDKROOT = iphoneos;
				SWIFT_ACTIVE_COMPILATION_CONDITIONS = DEBUG;
				SWIFT_OPTIMIZATION_LEVEL = "-Onone";
			};
			name = Debug;
		};
		84F36A5320B67545005A8F58 /* Release */ = {
			isa = XCBuildConfiguration;
			buildSettings = {
				ALWAYS_SEARCH_USER_PATHS = NO;
				CLANG_ANALYZER_NONNULL = YES;
				CLANG_ANALYZER_NUMBER_OBJECT_CONVERSION = YES_AGGRESSIVE;
				CLANG_CXX_LANGUAGE_STANDARD = "gnu++14";
				CLANG_CXX_LIBRARY = "libc++";
				CLANG_ENABLE_MODULES = YES;
				CLANG_ENABLE_OBJC_ARC = YES;
				CLANG_ENABLE_OBJC_WEAK = YES;
				CLANG_WARN_BLOCK_CAPTURE_AUTORELEASING = YES;
				CLANG_WARN_BOOL_CONVERSION = YES;
				CLANG_WARN_COMMA = YES;
				CLANG_WARN_CONSTANT_CONVERSION = YES;
				CLANG_WARN_DEPRECATED_OBJC_IMPLEMENTATIONS = YES;
				CLANG_WARN_DIRECT_OBJC_ISA_USAGE = YES_ERROR;
				CLANG_WARN_DOCUMENTATION_COMMENTS = YES;
				CLANG_WARN_EMPTY_BODY = YES;
				CLANG_WARN_ENUM_CONVERSION = YES;
				CLANG_WARN_INFINITE_RECURSION = YES;
				CLANG_WARN_INT_CONVERSION = YES;
				CLANG_WARN_NON_LITERAL_NULL_CONVERSION = YES;
				CLANG_WARN_OBJC_IMPLICIT_RETAIN_SELF = YES;
				CLANG_WARN_OBJC_LITERAL_CONVERSION = YES;
				CLANG_WARN_OBJC_ROOT_CLASS = YES_ERROR;
				CLANG_WARN_RANGE_LOOP_ANALYSIS = YES;
				CLANG_WARN_STRICT_PROTOTYPES = YES;
				CLANG_WARN_SUSPICIOUS_MOVE = YES;
				CLANG_WARN_UNGUARDED_AVAILABILITY = YES_AGGRESSIVE;
				CLANG_WARN_UNREACHABLE_CODE = YES;
				CLANG_WARN__DUPLICATE_METHOD_MATCH = YES;
				CODE_SIGN_IDENTITY = "iPhone Developer";
				COPY_PHASE_STRIP = NO;
				DEBUG_INFORMATION_FORMAT = "dwarf-with-dsym";
				ENABLE_NS_ASSERTIONS = NO;
				ENABLE_STRICT_OBJC_MSGSEND = YES;
				GCC_C_LANGUAGE_STANDARD = gnu11;
				GCC_NO_COMMON_BLOCKS = YES;
				GCC_WARN_64_TO_32_BIT_CONVERSION = YES;
				GCC_WARN_ABOUT_RETURN_TYPE = YES_ERROR;
				GCC_WARN_UNDECLARED_SELECTOR = YES;
				GCC_WARN_UNINITIALIZED_AUTOS = YES_AGGRESSIVE;
				GCC_WARN_UNUSED_FUNCTION = YES;
				GCC_WARN_UNUSED_VARIABLE = YES;
				IPHONEOS_DEPLOYMENT_TARGET = 11.3;
				MTL_ENABLE_DEBUG_INFO = NO;
				SDKROOT = iphoneos;
				SWIFT_COMPILATION_MODE = wholemodule;
				SWIFT_OPTIMIZATION_LEVEL = "-O";
				VALIDATE_PRODUCT = YES;
			};
			name = Release;
		};
		84F36A5520B67545005A8F58 /* Debug */ = {
			isa = XCBuildConfiguration;
			buildSettings = {
				ASSETCATALOG_COMPILER_APPICON_NAME = AppIcon;
				CODE_SIGN_STYLE = Automatic;
				INFOPLIST_FILE = MyApp/Info.plist;
				LD_RUNPATH_SEARCH_PATHS = (
					"$(inherited)",
					"@executable_path/Frameworks",
				);
				PRODUCT_BUNDLE_IDENTIFIER = com.lele.MyApp;
				PRODUCT_NAME = "$(TARGET_NAME)";
				SWIFT_VERSION = 4.0;
				TARGETED_DEVICE_FAMILY = "1,2";
			};
			name = Debug;
		};
		84F36A5620B67545005A8F58 /* Release */ = {
			isa = XCBuildConfiguration;
			buildSettings = {
				ASSETCATALOG_COMPILER_APPICON_NAME = AppIcon;
				CODE_SIGN_STYLE = Automatic;
				INFOPLIST_FILE = MyApp/Info.plist;
				LD_RUNPATH_SEARCH_PATHS = (
					"$(inherited)",
					"@executable_path/Frameworks",
				);
				PRODUCT_BUNDLE_IDENTIFIER = com.lele.MyApp;
				PRODUCT_NAME = "$(TARGET_NAME)";
				SWIFT_VERSION = 4.0;
				TARGETED_DEVICE_FAMILY = "1,2";
			};
			name = Release;
		};
		84F36A5820B67545005A8F58 /* Debug */ = {
			isa = XCBuildConfiguration;
			buildSettings = {
				ALWAYS_EMBED_SWIFT_STANDARD_LIBRARIES = YES;
				BUNDLE_LOADER = "$(TEST_HOST)";
				CODE_SIGN_STYLE = Automatic;
				INFOPLIST_FILE = MyAppTests/Info.plist;
				LD_RUNPATH_SEARCH_PATHS = (
					"$(inherited)",
					"@executable_path/Frameworks",
					"@loader_path/Frameworks",
				);
				PRODUCT_BUNDLE_IDENTIFIER = com.lele.MyAppTests;
				PRODUCT_NAME = "$(TARGET_NAME)";
				SWIFT_VERSION = 4.0;
				TARGETED_DEVICE_FAMILY = "1,2";
				TEST_HOST = "$(BUILT_PRODUCTS_DIR)/MyApp.app/MyApp";
			};
			name = Debug;
		};
		84F36A5920B67545005A8F58 /* Release */ = {
			isa = XCBuildConfiguration;
			buildSettings = {
				ALWAYS_EMBED_SWIFT_STANDARD_LIBRARIES = YES;
				BUNDLE_LOADER = "$(TEST_HOST)";
				CODE_SIGN_STYLE = Automatic;
				INFOPLIST_FILE = MyAppTests/Info.plist;
				LD_RUNPATH_SEARCH_PATHS = (
					"$(inherited)",
					"@executable_path/Frameworks",
					"@loader_path/Frameworks",
				);
				PRODUCT_BUNDLE_IDENTIFIER = com.lele.MyAppTests;
				PRODUCT_NAME = "$(TARGET_NAME)";
				SWIFT_VERSION = 4.0;
				TARGETED_DEVICE_FAMILY = "1,2";
				TEST_HOST = "$(BUILT_PRODUCTS_DIR)/MyApp.app/MyApp";
			};
			name = Release;
		};
		84F36A5B20B67545005A8F58 /* Debug */ = {
			isa = XCBuildConfiguration;
			buildSettings = {
				ALWAYS_EMBED_SWIFT_STANDARD_LIBRARIES = YES;
				CODE_SIGN_STYLE = Automatic;
				INFOPLIST_FILE = MyAppUITests/Info.plist;
				LD_RUNPATH_SEARCH_PATHS = (
					"$(inherited)",
					"@executable_path/Frameworks",
					"@loader_path/Frameworks",
				);
				PRODUCT_BUNDLE_IDENTIFIER = com.lele.MyAppUITests;
				PRODUCT_NAME = "$(TARGET_NAME)";
				SWIFT_VERSION = 4.0;
				TARGETED_DEVICE_FAMILY = "1,2";
				TEST_TARGET_NAME = MyApp;
			};
			name = Debug;
		};
		84F36A5C20B67545005A8F58 /* Release */ = {
			isa = XCBuildConfiguration;
			buildSettings = {
				ALWAYS_EMBED_SWIFT_STANDARD_LIBRARIES = YES;
				CODE_SIGN_STYLE = Automatic;
				INFOPLIST_FILE = MyAppUITests/Info.plist;
				LD_RUNPATH_SEARCH_PATHS = (
					"$(inherited)",
					"@executable_path/Frameworks",
					"@loader_path/Frameworks",
				);
				PRODUCT_BUNDLE_IDENTIFIER = com.lele.MyAppUITests;
				PRODUCT_NAME = "$(TARGET_NAME)";
				SWIFT_VERSION = 4.0;
				TARGETED_DEVICE_FAMILY = "1,2";
				TEST_TARGET_NAME = MyApp;
			};
			name = Release;
		};
/* End XCBuildConfiguration section */

/* Begin XCConfigurationList section */
		84F36A2420B67542005A8F58 /* Build configuration list for PBXProject "MyApp" */ = {
			isa = XCConfigurationList;
			buildConfigurations = (
				84F36A5220B67545005A8F58 /* Debug */,
				84F36A5320B67545005A8F58 /* Release */,
			);
			defaultConfigurationIsVisible = 0;
			defaultConfigurationName = Release;
		};
		84F36A5420B67545005A8F58 /* Build configuration list for PBXNativeTarget "MyApp" */ = {
			isa = XCConfigurationList;
			buildConfigurations = (
				84F36A5520B67545005A8F58 /* Debug */,
				84F36A5620B67545005A8F58 /* Release */,
			);
			defaultConfigurationIsVisible = 0;
			defaultConfigurationName = Release;
		};
		84F36A5720B67545005A8F58 /* Build configuration list for PBXNativeTarget "MyAppTests" */ = {
			isa = XCConfigurationList;
			buildConfigurations = (
				84F36A5820B67545005A8F58 /* Debug */,
				84F36A5920B67545005A8F58 /* Release */,
			);
			defaultConfigurationIsVisible = 0;
			defaultConfigurationName = Release;
		};
		84F36A5A20B67545005A8F58 /* Build configuration list for PBXNativeTarget "MyAppUITests" */ = {
			isa = XCConfigurationList;
			buildConfigurations = (
				84F36A5B20B67545005A8F58 /* Debug */,
				84F36A5C20B67545005A8F58 /* Release */,
			);
			defaultConfigurationIsVisible = 0;
			defaultConfigurationName = Release;
		};
/* End XCConfigurationList section */

/* Begin XCVersionGroup section */
		84F36A3320B67542005A8F58 /* MyApp.xcdatamodeld */ = {
			isa = XCVersionGroup;
			children = (
				84F36A3420B67542005A8F58 /* MyApp.xcdatamodel */,
			);
			currentVersion = 84F36A3420B67542005A8F58 /* MyApp.xcdatamodel */;
			path = MyApp.xcdatamodeld;
			sourceTree = "<group>";
			versionGroupType = wrapper.xcdatamodel;
		};
/* End XCVersionGroup section */
	};
	rootObject = 84F36A2120B67542005A8F58 /* Project object */;
}
